
Microsoft Visual Studio Solution File, Format Version 12.00
# Visual Studio Version 16
VisualStudioVersion = 16.0.28803.452
MinimumVisualStudioVersion = 10.0.40219.1
Project("{FAE04EC0-301F-11D3-BF4B-00C04F79EFBC}") = "Laboratorio", "Laboratorio\Laboratorio.csproj", "{8C026F04-4172-4CBC-9930-135F2EF4FC08}"
EndProject
Global
	GlobalSection(SolutionConfigurationPlatforms) = preSolution
		Debug|Any CPU = Debug|Any CPU
		Release|Any CPU = Release|Any CPU
	EndGlobalSection
	GlobalSection(ProjectConfigurationPlatforms) = postSolution
		{8C026F04-4172-4CBC-9930-135F2EF4FC08}.Debug|Any CPU.ActiveCfg = Debug|Any CPU
		{8C026F04-4172-4CBC-9930-135F2EF4FC08}.Debug|Any CPU.Build.0 = Debug|Any CPU
		{8C026F04-4172-4CBC-9930-135F2EF4FC08}.Release|Any CPU.ActiveCfg = Release|Any CPU
		{8C026F04-4172-4CBC-9930-135F2EF4FC08}.Release|Any CPU.Build.0 = Release|Any CPU
	EndGlobalSection
	GlobalSection(SolutionProperties) = preSolution
		HideSolutionNode = FALSE
	EndGlobalSection
	GlobalSection(ExtensibilityGlobals) = postSolution
		SolutionGuid = {D2540FFE-00BC-49C0-B359-C2973AD474B9}
	EndGlobalSection
EndGlobal
